
Microsoft Visual Studio Solution File, Format Version 12.00
# Visual Studio Version 16
VisualStudioVersion = 16.0.28803.452
MinimumVisualStudioVersion = 10.0.40219.1
Project("{FAE04EC0-301F-11D3-BF4B-00C04F79EFBC}") = "SmaProject", "SmaProject\SmaProject.csproj", "{8161682C-1887-4694-BA6E-853263157009}"
EndProject
Project("{FAE04EC0-301F-11D3-BF4B-00C04F79EFBC}") = "Data", "Data\Data.csproj", "{D2A69A40-26BF-404B-8139-94B68CA896E0}"
EndProject
Global
	GlobalSection(SolutionConfigurationPlatforms) = preSolution
		Debug|Any CPU = Debug|Any CPU
		Release|Any CPU = Release|Any CPU
	EndGlobalSection
	GlobalSection(ProjectConfigurationPlatforms) = postSolution
		{8161682C-1887-4694-BA6E-853263157009}.Debug|Any CPU.ActiveCfg = Debug|Any CPU
		{8161682C-1887-4694-BA6E-853263157009}.Debug|Any CPU.Build.0 = Debug|Any CPU
		{8161682C-1887-4694-BA6E-853263157009}.Release|Any CPU.ActiveCfg = Release|Any CPU
		{8161682C-1887-4694-BA6E-853263157009}.Release|Any CPU.Build.0 = Release|Any CPU
		{D2A69A40-26BF-404B-8139-94B68CA896E0}.Debug|Any CPU.ActiveCfg = Debug|Any CPU
		{D2A69A40-26BF-404B-8139-94B68CA896E0}.Debug|Any CPU.Build.0 = Debug|Any CPU
		{D2A69A40-26BF-404B-8139-94B68CA896E0}.Release|Any CPU.ActiveCfg = Release|Any CPU
		{D2A69A40-26BF-404B-8139-94B68CA896E0}.Release|Any CPU.Build.0 = Release|Any CPU
	EndGlobalSection
	GlobalSection(SolutionProperties) = preSolution
		HideSolutionNode = FALSE
	EndGlobalSection
	GlobalSection(ExtensibilityGlobals) = postSolution
		SolutionGuid = {C64FE2FF-FEC3-43EC-B98C-BC4E0C2F065C}
	EndGlobalSection
EndGlobal
